
Microsoft Visual Studio Solution File, Format Version 12.00
# Visual Studio Version 17
VisualStudioVersion = 17.14.36408.4 d17.14
MinimumVisualStudioVersion = 10.0.40219.1
Project("{FAE04EC0-301F-11D3-BF4B-00C04F79EFBC}") = "PFINALPA", "PFINALPA\PFINALPA.csproj", "{899F9315-D841-4F29-A27B-BD9DDB2DB463}"
EndProject
Global
	GlobalSection(SolutionConfigurationPlatforms) = preSolution
		Debug|Any CPU = Debug|Any CPU
		Release|Any CPU = Release|Any CPU
	EndGlobalSection
	GlobalSection(ProjectConfigurationPlatforms) = postSolution
		{899F9315-D841-4F29-A27B-BD9DDB2DB463}.Debug|Any CPU.ActiveCfg = Debug|Any CPU
		{899F9315-D841-4F29-A27B-BD9DDB2DB463}.Debug|Any CPU.Build.0 = Debug|Any CPU
		{899F9315-D841-4F29-A27B-BD9DDB2DB463}.Release|Any CPU.ActiveCfg = Release|Any CPU
		{899F9315-D841-4F29-A27B-BD9DDB2DB463}.Release|Any CPU.Build.0 = Release|Any CPU
	EndGlobalSection
	GlobalSection(SolutionProperties) = preSolution
		HideSolutionNode = FALSE
	EndGlobalSection
	GlobalSection(ExtensibilityGlobals) = postSolution
		SolutionGuid = {81423486-F702-444C-9A25-CE144C775D45}
	EndGlobalSection
EndGlobal
